// !$*UTF8*$!
{
	archiveVersion = 1;
	classes = {
	};
	objectVersion = 56;
	objects = {

/* Begin PBXBuildFile section */
		7BC4490C2CD91F1D009DCF59 /* Driver_DiaryApp.swift in Sources */ = {isa = PBXBuildFile; fileRef = 7BC4490B2CD91F1D009DCF59 /* Driver_DiaryApp.swift */; };
		7BC4490E2CD91F1D009DCF59 /* MainView.swift in Sources */ = {isa = PBXBuildFile; fileRef = 7BC4490D2CD91F1D009DCF59 /* MainView.swift */; };
		7BC449102CD91F1E009DCF59 /* Assets.xcassets in Resources */ = {isa = PBXBuildFile; fileRef = 7BC4490F2CD91F1E009DCF59 /* Assets.xcassets */; };
		7BC449132CD91F1E009DCF59 /* Preview Assets.xcassets in Resources */ = {isa = PBXBuildFile; fileRef = 7BC449122CD91F1E009DCF59 /* Preview Assets.xcassets */; };
		7BC4491B2CD926E9009DCF59 /* GoogleService-Info.plist in Resources */ = {isa = PBXBuildFile; fileRef = 7BC4491A2CD926E9009DCF59 /* GoogleService-Info.plist */; };
		7BC4491D2CD927F9009DCF59 /* FirebaseAnalytics in Frameworks */ = {isa = PBXBuildFile; productRef = 7BC4491C2CD927F9009DCF59 /* FirebaseAnalytics */; };
		7BC4491F2CD927F9009DCF59 /* FirebaseAnalyticsWithoutAdIdSupport in Frameworks */ = {isa = PBXBuildFile; productRef = 7BC4491E2CD927F9009DCF59 /* FirebaseAnalyticsWithoutAdIdSupport */; };
		7BC449212CD927F9009DCF59 /* FirebaseAuth in Frameworks */ = {isa = PBXBuildFile; productRef = 7BC449202CD927F9009DCF59 /* FirebaseAuth */; };
		7BC449232CD927F9009DCF59 /* FirebaseCore in Frameworks */ = {isa = PBXBuildFile; productRef = 7BC449222CD927F9009DCF59 /* FirebaseCore */; };
		7BC449252CD927F9009DCF59 /* FirebaseFirestore in Frameworks */ = {isa = PBXBuildFile; productRef = 7BC449242CD927F9009DCF59 /* FirebaseFirestore */; };
		7BC4492A2CD9EE73009DCF59 /* LoginView.swift in Sources */ = {isa = PBXBuildFile; fileRef = 7BC449292CD9EE73009DCF59 /* LoginView.swift */; };
		7BC4492C2CD9EE86009DCF59 /* RegView.swift in Sources */ = {isa = PBXBuildFile; fileRef = 7BC4492B2CD9EE86009DCF59 /* RegView.swift */; };
		7BC4492E2CD9EEB9009DCF59 /* DiaryEntryView.swift in Sources */ = {isa = PBXBuildFile; fileRef = 7BC4492D2CD9EEB9009DCF59 /* DiaryEntryView.swift */; };
		7BC449302CD9EF17009DCF59 /* ActivityView.swift in Sources */ = {isa = PBXBuildFile; fileRef = 7BC4492F2CD9EF17009DCF59 /* ActivityView.swift */; };
		7BC449322CD9F246009DCF59 /* ProfileView.swift in Sources */ = {isa = PBXBuildFile; fileRef = 7BC449312CD9F246009DCF59 /* ProfileView.swift */; };
		7BC449352CD9F2E6009DCF59 /* ActivityEntry.swift in Sources */ = {isa = PBXBuildFile; fileRef = 7BC449342CD9F2E6009DCF59 /* ActivityEntry.swift */; };
		7BC449372CD9F2F4009DCF59 /* Users.swift in Sources */ = {isa = PBXBuildFile; fileRef = 7BC449362CD9F2F4009DCF59 /* Users.swift */; };
		7BC449392CD9F331009DCF59 /* MainViewViewModel.swift in Sources */ = {isa = PBXBuildFile; fileRef = 7BC449382CD9F331009DCF59 /* MainViewViewModel.swift */; };
		7BC4493B2CD9F3D5009DCF59 /* LoginViewViewModel.swift in Sources */ = {isa = PBXBuildFile; fileRef = 7BC4493A2CD9F3D5009DCF59 /* LoginViewViewModel.swift */; };
		7BC4493D2CD9F3E9009DCF59 /* PRofileViewViewModel.swift in Sources */ = {isa = PBXBuildFile; fileRef = 7BC4493C2CD9F3E9009DCF59 /* PRofileViewViewModel.swift */; };
		7BC4493F2CD9F3FF009DCF59 /* ActiviityViewModel.swift in Sources */ = {isa = PBXBuildFile; fileRef = 7BC4493E2CD9F3FF009DCF59 /* ActiviityViewModel.swift */; };
		7BC449412CD9F413009DCF59 /* RegViewViewModel.swift in Sources */ = {isa = PBXBuildFile; fileRef = 7BC449402CD9F413009DCF59 /* RegViewViewModel.swift */; };
		7BC449432CD9F438009DCF59 /* DiaryEntryViewViewModel.swift in Sources */ = {isa = PBXBuildFile; fileRef = 7BC449422CD9F438009DCF59 /* DiaryEntryViewViewModel.swift */; };
		7BC449452CDA022E009DCF59 /* HeaderView.swift in Sources */ = {isa = PBXBuildFile; fileRef = 7BC449442CDA022E009DCF59 /* HeaderView.swift */; };
/* End PBXBuildFile section */

/* Begin PBXFileReference section */
		7BC449082CD91F1D009DCF59 /* Driver Diary.app */ = {isa = PBXFileReference; explicitFileType = wrapper.application; includeInIndex = 0; path = "Driver Diary.app"; sourceTree = BUILT_PRODUCTS_DIR; };
		7BC4490B2CD91F1D009DCF59 /* Driver_DiaryApp.swift */ = {isa = PBXFileReference; lastKnownFileType = sourcecode.swift; path = Driver_DiaryApp.swift; sourceTree = "<group>"; };
		7BC4490D2CD91F1D009DCF59 /* MainView.swift */ = {isa = PBXFileReference; lastKnownFileType = sourcecode.swift; path = MainView.swift; sourceTree = "<group>"; };
		7BC4490F2CD91F1E009DCF59 /* Assets.xcassets */ = {isa = PBXFileReference; lastKnownFileType = folder.assetcatalog; path = Assets.xcassets; sourceTree = "<group>"; };
		7BC449122CD91F1E009DCF59 /* Preview Assets.xcassets */ = {isa = PBXFileReference; lastKnownFileType = folder.assetcatalog; path = "Preview Assets.xcassets"; sourceTree = "<group>"; };
		7BC4491A2CD926E9009DCF59 /* GoogleService-Info.plist */ = {isa = PBXFileReference; fileEncoding = 4; lastKnownFileType = text.plist.xml; path = "GoogleService-Info.plist"; sourceTree = "<group>"; };
		7BC449292CD9EE73009DCF59 /* LoginView.swift */ = {isa = PBXFileReference; lastKnownFileType = sourcecode.swift; path = LoginView.swift; sourceTree = "<group>"; };
		7BC4492B2CD9EE86009DCF59 /* RegView.swift */ = {isa = PBXFileReference; lastKnownFileType = sourcecode.swift; path = RegView.swift; sourceTree = "<group>"; };
		7BC4492D2CD9EEB9009DCF59 /* DiaryEntryView.swift */ = {isa = PBXFileReference; lastKnownFileType = sourcecode.swift; path = DiaryEntryView.swift; sourceTree = "<group>"; };
		7BC4492F2CD9EF17009DCF59 /* ActivityView.swift */ = {isa = PBXFileReference; lastKnownFileType = sourcecode.swift; path = ActivityView.swift; sourceTree = "<group>"; };
		7BC449312CD9F246009DCF59 /* ProfileView.swift */ = {isa = PBXFileReference; lastKnownFileType = sourcecode.swift; path = ProfileView.swift; sourceTree = "<group>"; };
		7BC449342CD9F2E6009DCF59 /* ActivityEntry.swift */ = {isa = PBXFileReference; lastKnownFileType = sourcecode.swift; path = ActivityEntry.swift; sourceTree = "<group>"; };
		7BC449362CD9F2F4009DCF59 /* Users.swift */ = {isa = PBXFileReference; lastKnownFileType = sourcecode.swift; path = Users.swift; sourceTree = "<group>"; };
		7BC449382CD9F331009DCF59 /* MainViewViewModel.swift */ = {isa = PBXFileReference; lastKnownFileType = sourcecode.swift; path = MainViewViewModel.swift; sourceTree = "<group>"; };
		7BC4493A2CD9F3D5009DCF59 /* LoginViewViewModel.swift */ = {isa = PBXFileReference; lastKnownFileType = sourcecode.swift; path = LoginViewViewModel.swift; sourceTree = "<group>"; };
		7BC4493C2CD9F3E9009DCF59 /* PRofileViewViewModel.swift */ = {isa = PBXFileReference; lastKnownFileType = sourcecode.swift; path = PRofileViewViewModel.swift; sourceTree = "<group>"; };
		7BC4493E2CD9F3FF009DCF59 /* ActiviityViewModel.swift */ = {isa = PBXFileReference; lastKnownFileType = sourcecode.swift; path = ActiviityViewModel.swift; sourceTree = "<group>"; };
		7BC449402CD9F413009DCF59 /* RegViewViewModel.swift */ = {isa = PBXFileReference; lastKnownFileType = sourcecode.swift; path = RegViewViewModel.swift; sourceTree = "<group>"; };
		7BC449422CD9F438009DCF59 /* DiaryEntryViewViewModel.swift */ = {isa = PBXFileReference; lastKnownFileType = sourcecode.swift; path = DiaryEntryViewViewModel.swift; sourceTree = "<group>"; };
		7BC449442CDA022E009DCF59 /* HeaderView.swift */ = {isa = PBXFileReference; lastKnownFileType = sourcecode.swift; path = HeaderView.swift; sourceTree = "<group>"; };
/* End PBXFileReference section */

/* Begin PBXFrameworksBuildPhase section */
		7BC449052CD91F1D009DCF59 /* Frameworks */ = {
			isa = PBXFrameworksBuildPhase;
			buildActionMask = 2147483647;
			files = (
				7BC4491D2CD927F9009DCF59 /* FirebaseAnalytics in Frameworks */,
				7BC449212CD927F9009DCF59 /* FirebaseAuth in Frameworks */,
				7BC449232CD927F9009DCF59 /* FirebaseCore in Frameworks */,
				7BC449252CD927F9009DCF59 /* FirebaseFirestore in Frameworks */,
				7BC4491F2CD927F9009DCF59 /* FirebaseAnalyticsWithoutAdIdSupport in Frameworks */,
			);
			runOnlyForDeploymentPostprocessing = 0;
		};
/* End PBXFrameworksBuildPhase section */

/* Begin PBXGroup section */
		7BC448FF2CD91F1D009DCF59 = {
			isa = PBXGroup;
			children = (
				7BC4490A2CD91F1D009DCF59 /* Driver Diary */,
				7BC449092CD91F1D009DCF59 /* Products */,
			);
			sourceTree = "<group>";
		};
		7BC449092CD91F1D009DCF59 /* Products */ = {
			isa = PBXGroup;
			children = (
				7BC449082CD91F1D009DCF59 /* Driver Diary.app */,
			);
			name = Products;
			sourceTree = "<group>";
		};
		7BC4490A2CD91F1D009DCF59 /* Driver Diary */ = {
			isa = PBXGroup;
			children = (
				7BC449332CD9F250009DCF59 /* models */,
				7BC449282CD9ED06009DCF59 /* viewModels */,
				7BC449272CD9ECF0009DCF59 /* views */,
				7BC449262CD9ECE3009DCF59 /* other */,
				7BC449112CD91F1E009DCF59 /* Preview Content */,
			);
			path = "Driver Diary";
			sourceTree = "<group>";
		};
		7BC449112CD91F1E009DCF59 /* Preview Content */ = {
			isa = PBXGroup;
			children = (
				7BC449122CD91F1E009DCF59 /* Preview Assets.xcassets */,
			);
			path = "Preview Content";
			sourceTree = "<group>";
		};
		7BC449262CD9ECE3009DCF59 /* other */ = {
			isa = PBXGroup;
			children = (
				7BC4490F2CD91F1E009DCF59 /* Assets.xcassets */,
				7BC4491A2CD926E9009DCF59 /* GoogleService-Info.plist */,
				7BC4490B2CD91F1D009DCF59 /* Driver_DiaryApp.swift */,
			);
			path = other;
			sourceTree = "<group>";
		};
		7BC449272CD9ECF0009DCF59 /* views */ = {
			isa = PBXGroup;
			children = (
				7BC4490D2CD91F1D009DCF59 /* MainView.swift */,
				7BC449292CD9EE73009DCF59 /* LoginView.swift */,
				7BC449442CDA022E009DCF59 /* HeaderView.swift */,
				7BC449312CD9F246009DCF59 /* ProfileView.swift */,
				7BC4492F2CD9EF17009DCF59 /* ActivityView.swift */,
				7BC4492B2CD9EE86009DCF59 /* RegView.swift */,
				7BC4492D2CD9EEB9009DCF59 /* DiaryEntryView.swift */,
			);
			path = views;
			sourceTree = "<group>";
		};
		7BC449282CD9ED06009DCF59 /* viewModels */ = {
			isa = PBXGroup;
			children = (
				7BC449382CD9F331009DCF59 /* MainViewViewModel.swift */,
				7BC4493A2CD9F3D5009DCF59 /* LoginViewViewModel.swift */,
				7BC4493C2CD9F3E9009DCF59 /* PRofileViewViewModel.swift */,
				7BC4493E2CD9F3FF009DCF59 /* ActiviityViewModel.swift */,
				7BC449402CD9F413009DCF59 /* RegViewViewModel.swift */,
				7BC449422CD9F438009DCF59 /* DiaryEntryViewViewModel.swift */,
			);
			path = viewModels;
			sourceTree = "<group>";
		};
		7BC449332CD9F250009DCF59 /* models */ = {
			isa = PBXGroup;
			children = (
				7BC449342CD9F2E6009DCF59 /* ActivityEntry.swift */,
				7BC449362CD9F2F4009DCF59 /* Users.swift */,
			);
			path = models;
			sourceTree = "<group>";
		};
/* End PBXGroup section */

/* Begin PBXNativeTarget section */
		7BC449072CD91F1D009DCF59 /* Driver Diary */ = {
			isa = PBXNativeTarget;
			buildConfigurationList = 7BC449162CD91F1E009DCF59 /* Build configuration list for PBXNativeTarget "Driver Diary" */;
			buildPhases = (
				7BC449042CD91F1D009DCF59 /* Sources */,
				7BC449052CD91F1D009DCF59 /* Frameworks */,
				7BC449062CD91F1D009DCF59 /* Resources */,
			);
			buildRules = (
			);
			dependencies = (
			);
			name = "Driver Diary";
			packageProductDependencies = (
				7BC4491C2CD927F9009DCF59 /* FirebaseAnalytics */,
				7BC4491E2CD927F9009DCF59 /* FirebaseAnalyticsWithoutAdIdSupport */,
				7BC449202CD927F9009DCF59 /* FirebaseAuth */,
				7BC449222CD927F9009DCF59 /* FirebaseCore */,
				7BC449242CD927F9009DCF59 /* FirebaseFirestore */,
			);
			productName = "Driver Diary";
			productReference = 7BC449082CD91F1D009DCF59 /* Driver Diary.app */;
			productType = "com.apple.product-type.application";
		};
/* End PBXNativeTarget section */

/* Begin PBXProject section */
		7BC449002CD91F1D009DCF59 /* Project object */ = {
			isa = PBXProject;
			attributes = {
				BuildIndependentTargetsInParallel = 1;
				LastSwiftUpdateCheck = 1540;
				LastUpgradeCheck = 1540;
				TargetAttributes = {
					7BC449072CD91F1D009DCF59 = {
						CreatedOnToolsVersion = 15.4;
					};
				};
			};
			buildConfigurationList = 7BC449032CD91F1D009DCF59 /* Build configuration list for PBXProject "Driver Diary" */;
			compatibilityVersion = "Xcode 14.0";
			developmentRegion = en;
			hasScannedForEncodings = 0;
			knownRegions = (
				en,
				Base,
			);
			mainGroup = 7BC448FF2CD91F1D009DCF59;
			packageReferences = (
				7BC449192CD926B0009DCF59 /* XCRemoteSwiftPackageReference "firebase-ios-sdk" */,
			);
			productRefGroup = 7BC449092CD91F1D009DCF59 /* Products */;
			projectDirPath = "";
			projectRoot = "";
			targets = (
				7BC449072CD91F1D009DCF59 /* Driver Diary */,
			);
		};
/* End PBXProject section */

/* Begin PBXResourcesBuildPhase section */
		7BC449062CD91F1D009DCF59 /* Resources */ = {
			isa = PBXResourcesBuildPhase;
			buildActionMask = 2147483647;
			files = (
				7BC449132CD91F1E009DCF59 /* Preview Assets.xcassets in Resources */,
				7BC449102CD91F1E009DCF59 /* Assets.xcassets in Resources */,
				7BC4491B2CD926E9009DCF59 /* GoogleService-Info.plist in Resources */,
			);
			runOnlyForDeploymentPostprocessing = 0;
		};
/* End PBXResourcesBuildPhase section */

/* Begin PBXSourcesBuildPhase section */
		7BC449042CD91F1D009DCF59 /* Sources */ = {
			isa = PBXSourcesBuildPhase;
			buildActionMask = 2147483647;
			files = (
				7BC449432CD9F438009DCF59 /* DiaryEntryViewViewModel.swift in Sources */,
				7BC4493B2CD9F3D5009DCF59 /* LoginViewViewModel.swift in Sources */,
				7BC4492A2CD9EE73009DCF59 /* LoginView.swift in Sources */,
				7BC449372CD9F2F4009DCF59 /* Users.swift in Sources */,
				7BC4493F2CD9F3FF009DCF59 /* ActiviityViewModel.swift in Sources */,
				7BC4492C2CD9EE86009DCF59 /* RegView.swift in Sources */,
				7BC4492E2CD9EEB9009DCF59 /* DiaryEntryView.swift in Sources */,
				7BC4493D2CD9F3E9009DCF59 /* PRofileViewViewModel.swift in Sources */,
				7BC4490E2CD91F1D009DCF59 /* MainView.swift in Sources */,
				7BC449412CD9F413009DCF59 /* RegViewViewModel.swift in Sources */,
				7BC4490C2CD91F1D009DCF59 /* Driver_DiaryApp.swift in Sources */,
				7BC449352CD9F2E6009DCF59 /* ActivityEntry.swift in Sources */,
				7BC449322CD9F246009DCF59 /* ProfileView.swift in Sources */,
				7BC449392CD9F331009DCF59 /* MainViewViewModel.swift in Sources */,
				7BC449302CD9EF17009DCF59 /* ActivityView.swift in Sources */,
				7BC449452CDA022E009DCF59 /* HeaderView.swift in Sources */,
			);
			runOnlyForDeploymentPostprocessing = 0;
		};
/* End PBXSourcesBuildPhase section */

/* Begin XCBuildConfiguration section */
		7BC449142CD91F1E009DCF59 /* Debug */ = {
			isa = XCBuildConfiguration;
			buildSettings = {
				ALWAYS_SEARCH_USER_PATHS = NO;
				ASSETCATALOG_COMPILER_GENERATE_SWIFT_ASSET_SYMBOL_EXTENSIONS = YES;
				CLANG_ANALYZER_NONNULL = YES;
				CLANG_ANALYZER_NUMBER_OBJECT_CONVERSION = YES_AGGRESSIVE;
				CLANG_CXX_LANGUAGE_STANDARD = "gnu++20";
				CLANG_ENABLE_MODULES = YES;
				CLANG_ENABLE_OBJC_ARC = YES;
				CLANG_ENABLE_OBJC_WEAK = YES;
				CLANG_WARN_BLOCK_CAPTURE_AUTORELEASING = YES;
				CLANG_WARN_BOOL_CONVERSION = YES;
				CLANG_WARN_COMMA = YES;
				CLANG_WARN_CONSTANT_CONVERSION = YES;
				CLANG_WARN_DEPRECATED_OBJC_IMPLEMENTATIONS = YES;
				CLANG_WARN_DIRECT_OBJC_ISA_USAGE = YES_ERROR;
				CLANG_WARN_DOCUMENTATION_COMMENTS = YES;
				CLANG_WARN_EMPTY_BODY = YES;
				CLANG_WARN_ENUM_CONVERSION = YES;
				CLANG_WARN_INFINITE_RECURSION = YES;
				CLANG_WARN_INT_CONVERSION = YES;
				CLANG_WARN_NON_LITERAL_NULL_CONVERSION = YES;
				CLANG_WARN_OBJC_IMPLICIT_RETAIN_SELF = YES;
				CLANG_WARN_OBJC_LITERAL_CONVERSION = YES;
				CLANG_WARN_OBJC_ROOT_CLASS = YES_ERROR;
				CLANG_WARN_QUOTED_INCLUDE_IN_FRAMEWORK_HEADER = YES;
				CLANG_WARN_RANGE_LOOP_ANALYSIS = YES;
				CLANG_WARN_STRICT_PROTOTYPES = YES;
				CLANG_WARN_SUSPICIOUS_MOVE = YES;
				CLANG_WARN_UNGUARDED_AVAILABILITY = YES_AGGRESSIVE;
				CLANG_WARN_UNREACHABLE_CODE = YES;
				CLANG_WARN__DUPLICATE_METHOD_MATCH = YES;
				COPY_PHASE_STRIP = NO;
				DEBUG_INFORMATION_FORMAT = dwarf;
				ENABLE_STRICT_OBJC_MSGSEND = YES;
				ENABLE_TESTABILITY = YES;
				ENABLE_USER_SCRIPT_SANDBOXING = YES;
				GCC_C_LANGUAGE_STANDARD = gnu17;
				GCC_DYNAMIC_NO_PIC = NO;
				GCC_NO_COMMON_BLOCKS = YES;
				GCC_OPTIMIZATION_LEVEL = 0;
				GCC_PREPROCESSOR_DEFINITIONS = (
					"DEBUG=1",
					"$(inherited)",
				);
				GCC_WARN_64_TO_32_BIT_CONVERSION = YES;
				GCC_WARN_ABOUT_RETURN_TYPE = YES_ERROR;
				GCC_WARN_UNDECLARED_SELECTOR = YES;
				GCC_WARN_UNINITIALIZED_AUTOS = YES_AGGRESSIVE;
				GCC_WARN_UNUSED_FUNCTION = YES;
				GCC_WARN_UNUSED_VARIABLE = YES;
				IPHONEOS_DEPLOYMENT_TARGET = 17.5;
				LOCALIZATION_PREFERS_STRING_CATALOGS = YES;
				MTL_ENABLE_DEBUG_INFO = INCLUDE_SOURCE;
				MTL_FAST_MATH = YES;
				ONLY_ACTIVE_ARCH = YES;
				SDKROOT = iphoneos;
				SWIFT_ACTIVE_COMPILATION_CONDITIONS = "DEBUG $(inherited)";
				SWIFT_OPTIMIZATION_LEVEL = "-Onone";
			};
			name = Debug;
		};
		7BC449152CD91F1E009DCF59 /* Release */ = {
			isa = XCBuildConfiguration;
			buildSettings = {
				ALWAYS_SEARCH_USER_PATHS = NO;
				ASSETCATALOG_COMPILER_GENERATE_SWIFT_ASSET_SYMBOL_EXTENSIONS = YES;
				CLANG_ANALYZER_NONNULL = YES;
				CLANG_ANALYZER_NUMBER_OBJECT_CONVERSION = YES_AGGRESSIVE;
				CLANG_CXX_LANGUAGE_STANDARD = "gnu++20";
				CLANG_ENABLE_MODULES = YES;
				CLANG_ENABLE_OBJC_ARC = YES;
				CLANG_ENABLE_OBJC_WEAK = YES;
				CLANG_WARN_BLOCK_CAPTURE_AUTORELEASING = YES;
				CLANG_WARN_BOOL_CONVERSION = YES;
				CLANG_WARN_COMMA = YES;
				CLANG_WARN_CONSTANT_CONVERSION = YES;
				CLANG_WARN_DEPRECATED_OBJC_IMPLEMENTATIONS = YES;
				CLANG_WARN_DIRECT_OBJC_ISA_USAGE = YES_ERROR;
				CLANG_WARN_DOCUMENTATION_COMMENTS = YES;
				CLANG_WARN_EMPTY_BODY = YES;
				CLANG_WARN_ENUM_CONVERSION = YES;
				CLANG_WARN_INFINITE_RECURSION = YES;
				CLANG_WARN_INT_CONVERSION = YES;
				CLANG_WARN_NON_LITERAL_NULL_CONVERSION = YES;
				CLANG_WARN_OBJC_IMPLICIT_RETAIN_SELF = YES;
				CLANG_WARN_OBJC_LITERAL_CONVERSION = YES;
				CLANG_WARN_OBJC_ROOT_CLASS = YES_ERROR;
				CLANG_WARN_QUOTED_INCLUDE_IN_FRAMEWORK_HEADER = YES;
				CLANG_WARN_RANGE_LOOP_ANALYSIS = YES;
				CLANG_WARN_STRICT_PROTOTYPES = YES;
				CLANG_WARN_SUSPICIOUS_MOVE = YES;
				CLANG_WARN_UNGUARDED_AVAILABILITY = YES_AGGRESSIVE;
				CLANG_WARN_UNREACHABLE_CODE = YES;
				CLANG_WARN__DUPLICATE_METHOD_MATCH = YES;
				COPY_PHASE_STRIP = NO;
				DEBUG_INFORMATION_FORMAT = "dwarf-with-dsym";
				ENABLE_NS_ASSERTIONS = NO;
				ENABLE_STRICT_OBJC_MSGSEND = YES;
				ENABLE_USER_SCRIPT_SANDBOXING = YES;
				GCC_C_LANGUAGE_STANDARD = gnu17;
				GCC_NO_COMMON_BLOCKS = YES;
				GCC_WARN_64_TO_32_BIT_CONVERSION = YES;
				GCC_WARN_ABOUT_RETURN_TYPE = YES_ERROR;
				GCC_WARN_UNDECLARED_SELECTOR = YES;
				GCC_WARN_UNINITIALIZED_AUTOS = YES_AGGRESSIVE;
				GCC_WARN_UNUSED_FUNCTION = YES;
				GCC_WARN_UNUSED_VARIABLE = YES;
				IPHONEOS_DEPLOYMENT_TARGET = 17.5;
				LOCALIZATION_PREFERS_STRING_CATALOGS = YES;
				MTL_ENABLE_DEBUG_INFO = NO;
				MTL_FAST_MATH = YES;
				SDKROOT = iphoneos;
				SWIFT_COMPILATION_MODE = wholemodule;
				VALIDATE_PRODUCT = YES;
			};
			name = Release;
		};
		7BC449172CD91F1E009DCF59 /* Debug */ = {
			isa = XCBuildConfiguration;
			buildSettings = {
				ASSETCATALOG_COMPILER_APPICON_NAME = AppIcon;
				ASSETCATALOG_COMPILER_GLOBAL_ACCENT_COLOR_NAME = AccentColor;
				CODE_SIGN_STYLE = Automatic;
				CURRENT_PROJECT_VERSION = 1;
				DEVELOPMENT_ASSET_PATHS = "\"Driver Diary/Preview Content\"";
				ENABLE_PREVIEWS = YES;
				GENERATE_INFOPLIST_FILE = YES;
				INFOPLIST_KEY_UIApplicationSceneManifest_Generation = YES;
				INFOPLIST_KEY_UIApplicationSupportsIndirectInputEvents = YES;
				INFOPLIST_KEY_UILaunchScreen_Generation = YES;
				INFOPLIST_KEY_UISupportedInterfaceOrientations_iPad = "UIInterfaceOrientationPortrait UIInterfaceOrientationPortraitUpsideDown UIInterfaceOrientationLandscapeLeft UIInterfaceOrientationLandscapeRight";
				INFOPLIST_KEY_UISupportedInterfaceOrientations_iPhone = "UIInterfaceOrientationPortrait UIInterfaceOrientationLandscapeLeft UIInterfaceOrientationLandscapeRight";
				LD_RUNPATH_SEARCH_PATHS = (
					"$(inherited)",
					"@executable_path/Frameworks",
				);
				MARKETING_VERSION = 1.0;
				PRODUCT_BUNDLE_IDENTIFIER = "com.senei-blaq.Driver-Diary";
				PRODUCT_NAME = "$(TARGET_NAME)";
				SWIFT_EMIT_LOC_STRINGS = YES;
				SWIFT_VERSION = 5.0;
				TARGETED_DEVICE_FAMILY = "1,2";
			};
			name = Debug;
		};
		7BC449182CD91F1E009DCF59 /* Release */ = {
			isa = XCBuildConfiguration;
			buildSettings = {
				ASSETCATALOG_COMPILER_APPICON_NAME = AppIcon;
				ASSETCATALOG_COMPILER_GLOBAL_ACCENT_COLOR_NAME = AccentColor;
				CODE_SIGN_STYLE = Automatic;
				CURRENT_PROJECT_VERSION = 1;
				DEVELOPMENT_ASSET_PATHS = "\"Driver Diary/Preview Content\"";
				ENABLE_PREVIEWS = YES;
				GENERATE_INFOPLIST_FILE = YES;
				INFOPLIST_KEY_UIApplicationSceneManifest_Generation = YES;
				INFOPLIST_KEY_UIApplicationSupportsIndirectInputEvents = YES;
				INFOPLIST_KEY_UILaunchScreen_Generation = YES;
				INFOPLIST_KEY_UISupportedInterfaceOrientations_iPad = "UIInterfaceOrientationPortrait UIInterfaceOrientationPortraitUpsideDown UIInterfaceOrientationLandscapeLeft UIInterfaceOrientationLandscapeRight";
				INFOPLIST_KEY_UISupportedInterfaceOrientations_iPhone = "UIInterfaceOrientationPortrait UIInterfaceOrientationLandscapeLeft UIInterfaceOrientationLandscapeRight";
				LD_RUNPATH_SEARCH_PATHS = (
					"$(inherited)",
					"@executable_path/Frameworks",
				);
				MARKETING_VERSION = 1.0;
				PRODUCT_BUNDLE_IDENTIFIER = "com.senei-blaq.Driver-Diary";
				PRODUCT_NAME = "$(TARGET_NAME)";
				SWIFT_EMIT_LOC_STRINGS = YES;
				SWIFT_VERSION = 5.0;
				TARGETED_DEVICE_FAMILY = "1,2";
			};
			name = Release;
		};
/* End XCBuildConfiguration section */

/* Begin XCConfigurationList section */
		7BC449032CD91F1D009DCF59 /* Build configuration list for PBXProject "Driver Diary" */ = {
			isa = XCConfigurationList;
			buildConfigurations = (
				7BC449142CD91F1E009DCF59 /* Debug */,
				7BC449152CD91F1E009DCF59 /* Release */,
			);
			defaultConfigurationIsVisible = 0;
			defaultConfigurationName = Release;
		};
		7BC449162CD91F1E009DCF59 /* Build configuration list for PBXNativeTarget "Driver Diary" */ = {
			isa = XCConfigurationList;
			buildConfigurations = (
				7BC449172CD91F1E009DCF59 /* Debug */,
				7BC449182CD91F1E009DCF59 /* Release */,
			);
			defaultConfigurationIsVisible = 0;
			defaultConfigurationName = Release;
		};
/* End XCConfigurationList section */

/* Begin XCRemoteSwiftPackageReference section */
		7BC449192CD926B0009DCF59 /* XCRemoteSwiftPackageReference "firebase-ios-sdk" */ = {
			isa = XCRemoteSwiftPackageReference;
			repositoryURL = "https://github.com/firebase/firebase-ios-sdk";
			requirement = {
				kind = upToNextMajorVersion;
				minimumVersion = 11.4.0;
			};
		};
/* End XCRemoteSwiftPackageReference section */

/* Begin XCSwiftPackageProductDependency section */
		7BC4491C2CD927F9009DCF59 /* FirebaseAnalytics */ = {
			isa = XCSwiftPackageProductDependency;
			package = 7BC449192CD926B0009DCF59 /* XCRemoteSwiftPackageReference "firebase-ios-sdk" */;
			productName = FirebaseAnalytics;
		};
		7BC4491E2CD927F9009DCF59 /* FirebaseAnalyticsWithoutAdIdSupport */ = {
			isa = XCSwiftPackageProductDependency;
			package = 7BC449192CD926B0009DCF59 /* XCRemoteSwiftPackageReference "firebase-ios-sdk" */;
			productName = FirebaseAnalyticsWithoutAdIdSupport;
		};
		7BC449202CD927F9009DCF59 /* FirebaseAuth */ = {
			isa = XCSwiftPackageProductDependency;
			package = 7BC449192CD926B0009DCF59 /* XCRemoteSwiftPackageReference "firebase-ios-sdk" */;
			productName = FirebaseAuth;
		};
		7BC449222CD927F9009DCF59 /* FirebaseCore */ = {
			isa = XCSwiftPackageProductDependency;
			package = 7BC449192CD926B0009DCF59 /* XCRemoteSwiftPackageReference "firebase-ios-sdk" */;
			productName = FirebaseCore;
		};
		7BC449242CD927F9009DCF59 /* FirebaseFirestore */ = {
			isa = XCSwiftPackageProductDependency;
			package = 7BC449192CD926B0009DCF59 /* XCRemoteSwiftPackageReference "firebase-ios-sdk" */;
			productName = FirebaseFirestore;
		};
/* End XCSwiftPackageProductDependency section */
	};
	rootObject = 7BC449002CD91F1D009DCF59 /* Project object */;
}
